
Microsoft Visual Studio Solution File, Format Version 12.00
# Visual Studio Version 17
VisualStudioVersion = 17.5.33502.453
MinimumVisualStudioVersion = 10.0.40219.1
Project("{FAE04EC0-301F-11D3-BF4B-00C04F79EFBC}") = "UniversityWebAPI", "UniversityWebAPI\UniversityWebAPI.csproj", "{16419C43-D725-4D27-AAAF-CAD88EB47CCE}"
EndProject
Global
	GlobalSection(SolutionConfigurationPlatforms) = preSolution
		Debug|Any CPU = Debug|Any CPU
		Release|Any CPU = Release|Any CPU
	EndGlobalSection
	GlobalSection(ProjectConfigurationPlatforms) = postSolution
		{16419C43-D725-4D27-AAAF-CAD88EB47CCE}.Debug|Any CPU.ActiveCfg = Debug|Any CPU
		{16419C43-D725-4D27-AAAF-CAD88EB47CCE}.Debug|Any CPU.Build.0 = Debug|Any CPU
		{16419C43-D725-4D27-AAAF-CAD88EB47CCE}.Release|Any CPU.ActiveCfg = Release|Any CPU
		{16419C43-D725-4D27-AAAF-CAD88EB47CCE}.Release|Any CPU.Build.0 = Release|Any CPU
	EndGlobalSection
	GlobalSection(SolutionProperties) = preSolution
		HideSolutionNode = FALSE
	EndGlobalSection
	GlobalSection(ExtensibilityGlobals) = postSolution
		SolutionGuid = {898D5B77-15B2-440A-9A89-71AB257B9798}
	EndGlobalSection
EndGlobal
